
Microsoft Visual Studio Solution File, Format Version 12.00
# Visual Studio Version 17
VisualStudioVersion = 17.10.35122.118
MinimumVisualStudioVersion = 10.0.40219.1
Project("{8BC9CEB8-8B4A-11D0-8D11-00A0C91BC942}") = "08STL容器", "07STL容器\07STL容器.vcxproj", "{F241EB61-0D6A-4523-B6EA-F9D4F2DBE8CA}"
EndProject
Project("{8BC9CEB8-8B4A-11D0-8D11-00A0C91BC942}") = "09多线程", "09多线程\09多线程.vcxproj", "{740940D0-9B8B-4E11-B59C-84061743B7CF}"
EndProject
Project("{8BC9CEB8-8B4A-11D0-8D11-00A0C91BC942}") = "07内存分配", "07内存分配\07内存分配.vcxproj", "{237F1B20-71AA-41E3-8090-23238472CD00}"
EndProject
Project("{8BC9CEB8-8B4A-11D0-8D11-00A0C91BC942}") = "10代理", "10代理\10代理.vcxproj", "{12FC9A42-986E-415F-A14E-79DC33A2D599}"
EndProject
Project("{8BC9CEB8-8B4A-11D0-8D11-00A0C91BC942}") = "13TCP", "13TCP\13TCP.vcxproj", "{4EDC2046-2324-4B9D-986B-EB2680F07261}"
EndProject
Project("{8BC9CEB8-8B4A-11D0-8D11-00A0C91BC942}") = "14HTTP", "14HTTP\14HTTP.vcxproj", "{EA9212E2-2383-43E7-A3C4-3A1C5504DC3D}"
EndProject
Project("{8BC9CEB8-8B4A-11D0-8D11-00A0C91BC942}") = "06IO读写", "06IO读写\IO读写.vcxproj", "{706A0CDE-A76A-4834-B556-BD8B9F1D15F5}"
EndProject
Project("{8BC9CEB8-8B4A-11D0-8D11-00A0C91BC942}") = "12UDP", "12UDP\UDPUDP.vcxproj", "{EA43A8B9-2BF8-4C66-9421-B3FEB7A67B2E}"
EndProject
Project("{8BC9CEB8-8B4A-11D0-8D11-00A0C91BC942}") = "00重载、重写、重定义", "00重载、重写、重定义\重载、重写、重定义.vcxproj", "{7483A571-22B2-4F31-9DA8-93792FDD11CC}"
EndProject
Project("{8BC9CEB8-8B4A-11D0-8D11-00A0C91BC942}") = "01C++封装、继承、多态", "01封装、继承、多态\C++Mic.vcxproj", "{F89B9CAF-AAFE-4927-8871-03614B1F5E52}"
EndProject
Project("{8BC9CEB8-8B4A-11D0-8D11-00A0C91BC942}") = "02函数模板和类模板", "02函数模板和类模板\函数模板和类模板.vcxproj", "{64D5420E-E092-49C0-A68B-6023923BF8CF}"
EndProject
Project("{8BC9CEB8-8B4A-11D0-8D11-00A0C91BC942}") = "03模板的泛化、特化、偏特化", "03模板的泛化、特化、偏特化\模板的泛化、特化、偏特化.vcxproj", "{B6430920-765B-4D43-A1E3-55488971535F}"
EndProject
Project("{8BC9CEB8-8B4A-11D0-8D11-00A0C91BC942}") = "04函数指针与指针函数", "04函数指针与指针函数\函数指针与指针函数.vcxproj", "{6D0F3920-8D84-4040-8588-80C44147A154}"
EndProject
Project("{8BC9CEB8-8B4A-11D0-8D11-00A0C91BC942}") = "05异常", "05异常\异常.vcxproj", "{CEBE7E25-82C6-403A-9050-6FB149083525}"
EndProject
Project("{8BC9CEB8-8B4A-11D0-8D11-00A0C91BC942}") = "11智能指针", "11智能指针\智能指针.vcxproj", "{6B0719A4-ACB7-4AB8-B4C6-C5D14871220F}"
EndProject
Global
	GlobalSection(SolutionConfigurationPlatforms) = preSolution
		Debug|x64 = Debug|x64
		Debug|x86 = Debug|x86
		Release|x64 = Release|x64
		Release|x86 = Release|x86
	EndGlobalSection
	GlobalSection(ProjectConfigurationPlatforms) = postSolution
		{F241EB61-0D6A-4523-B6EA-F9D4F2DBE8CA}.Debug|x64.ActiveCfg = Debug|x64
		{F241EB61-0D6A-4523-B6EA-F9D4F2DBE8CA}.Debug|x64.Build.0 = Debug|x64
		{F241EB61-0D6A-4523-B6EA-F9D4F2DBE8CA}.Debug|x86.ActiveCfg = Debug|Win32
		{F241EB61-0D6A-4523-B6EA-F9D4F2DBE8CA}.Debug|x86.Build.0 = Debug|Win32
		{F241EB61-0D6A-4523-B6EA-F9D4F2DBE8CA}.Release|x64.ActiveCfg = Release|x64
		{F241EB61-0D6A-4523-B6EA-F9D4F2DBE8CA}.Release|x64.Build.0 = Release|x64
		{F241EB61-0D6A-4523-B6EA-F9D4F2DBE8CA}.Release|x86.ActiveCfg = Release|Win32
		{F241EB61-0D6A-4523-B6EA-F9D4F2DBE8CA}.Release|x86.Build.0 = Release|Win32
		{740940D0-9B8B-4E11-B59C-84061743B7CF}.Debug|x64.ActiveCfg = Debug|x64
		{740940D0-9B8B-4E11-B59C-84061743B7CF}.Debug|x64.Build.0 = Debug|x64
		{740940D0-9B8B-4E11-B59C-84061743B7CF}.Debug|x86.ActiveCfg = Debug|Win32
		{740940D0-9B8B-4E11-B59C-84061743B7CF}.Debug|x86.Build.0 = Debug|Win32
		{740940D0-9B8B-4E11-B59C-84061743B7CF}.Release|x64.ActiveCfg = Release|x64
		{740940D0-9B8B-4E11-B59C-84061743B7CF}.Release|x64.Build.0 = Release|x64
		{740940D0-9B8B-4E11-B59C-84061743B7CF}.Release|x86.ActiveCfg = Release|Win32
		{740940D0-9B8B-4E11-B59C-84061743B7CF}.Release|x86.Build.0 = Release|Win32
		{237F1B20-71AA-41E3-8090-23238472CD00}.Debug|x64.ActiveCfg = Debug|x64
		{237F1B20-71AA-41E3-8090-23238472CD00}.Debug|x64.Build.0 = Debug|x64
		{237F1B20-71AA-41E3-8090-23238472CD00}.Debug|x86.ActiveCfg = Debug|Win32
		{237F1B20-71AA-41E3-8090-23238472CD00}.Debug|x86.Build.0 = Debug|Win32
		{237F1B20-71AA-41E3-8090-23238472CD00}.Release|x64.ActiveCfg = Release|x64
		{237F1B20-71AA-41E3-8090-23238472CD00}.Release|x64.Build.0 = Release|x64
		{237F1B20-71AA-41E3-8090-23238472CD00}.Release|x86.ActiveCfg = Release|Win32
		{237F1B20-71AA-41E3-8090-23238472CD00}.Release|x86.Build.0 = Release|Win32
		{12FC9A42-986E-415F-A14E-79DC33A2D599}.Debug|x64.ActiveCfg = Debug|x64
		{12FC9A42-986E-415F-A14E-79DC33A2D599}.Debug|x64.Build.0 = Debug|x64
		{12FC9A42-986E-415F-A14E-79DC33A2D599}.Debug|x86.ActiveCfg = Debug|Win32
		{12FC9A42-986E-415F-A14E-79DC33A2D599}.Debug|x86.Build.0 = Debug|Win32
		{12FC9A42-986E-415F-A14E-79DC33A2D599}.Release|x64.ActiveCfg = Release|x64
		{12FC9A42-986E-415F-A14E-79DC33A2D599}.Release|x64.Build.0 = Release|x64
		{12FC9A42-986E-415F-A14E-79DC33A2D599}.Release|x86.ActiveCfg = Release|Win32
		{12FC9A42-986E-415F-A14E-79DC33A2D599}.Release|x86.Build.0 = Release|Win32
		{4EDC2046-2324-4B9D-986B-EB2680F07261}.Debug|x64.ActiveCfg = Debug|x64
		{4EDC2046-2324-4B9D-986B-EB2680F07261}.Debug|x64.Build.0 = Debug|x64
		{4EDC2046-2324-4B9D-986B-EB2680F07261}.Debug|x86.ActiveCfg = Debug|Win32
		{4EDC2046-2324-4B9D-986B-EB2680F07261}.Debug|x86.Build.0 = Debug|Win32
		{4EDC2046-2324-4B9D-986B-EB2680F07261}.Release|x64.ActiveCfg = Release|x64
		{4EDC2046-2324-4B9D-986B-EB2680F07261}.Release|x64.Build.0 = Release|x64
		{4EDC2046-2324-4B9D-986B-EB2680F07261}.Release|x86.ActiveCfg = Release|Win32
		{4EDC2046-2324-4B9D-986B-EB2680F07261}.Release|x86.Build.0 = Release|Win32
		{EA9212E2-2383-43E7-A3C4-3A1C5504DC3D}.Debug|x64.ActiveCfg = Debug|x64
		{EA9212E2-2383-43E7-A3C4-3A1C5504DC3D}.Debug|x64.Build.0 = Debug|x64
		{EA9212E2-2383-43E7-A3C4-3A1C5504DC3D}.Debug|x86.ActiveCfg = Debug|Win32
		{EA9212E2-2383-43E7-A3C4-3A1C5504DC3D}.Debug|x86.Build.0 = Debug|Win32
		{EA9212E2-2383-43E7-A3C4-3A1C5504DC3D}.Release|x64.ActiveCfg = Release|x64
		{EA9212E2-2383-43E7-A3C4-3A1C5504DC3D}.Release|x64.Build.0 = Release|x64
		{EA9212E2-2383-43E7-A3C4-3A1C5504DC3D}.Release|x86.ActiveCfg = Release|Win32
		{EA9212E2-2383-43E7-A3C4-3A1C5504DC3D}.Release|x86.Build.0 = Release|Win32
		{706A0CDE-A76A-4834-B556-BD8B9F1D15F5}.Debug|x64.ActiveCfg = Debug|x64
		{706A0CDE-A76A-4834-B556-BD8B9F1D15F5}.Debug|x64.Build.0 = Debug|x64
		{706A0CDE-A76A-4834-B556-BD8B9F1D15F5}.Debug|x86.ActiveCfg = Debug|Win32
		{706A0CDE-A76A-4834-B556-BD8B9F1D15F5}.Debug|x86.Build.0 = Debug|Win32
		{706A0CDE-A76A-4834-B556-BD8B9F1D15F5}.Release|x64.ActiveCfg = Release|x64
		{706A0CDE-A76A-4834-B556-BD8B9F1D15F5}.Release|x64.Build.0 = Release|x64
		{706A0CDE-A76A-4834-B556-BD8B9F1D15F5}.Release|x86.ActiveCfg = Release|Win32
		{706A0CDE-A76A-4834-B556-BD8B9F1D15F5}.Release|x86.Build.0 = Release|Win32
		{EA43A8B9-2BF8-4C66-9421-B3FEB7A67B2E}.Debug|x64.ActiveCfg = Debug|x64
		{EA43A8B9-2BF8-4C66-9421-B3FEB7A67B2E}.Debug|x64.Build.0 = Debug|x64
		{EA43A8B9-2BF8-4C66-9421-B3FEB7A67B2E}.Debug|x86.ActiveCfg = Debug|Win32
		{EA43A8B9-2BF8-4C66-9421-B3FEB7A67B2E}.Debug|x86.Build.0 = Debug|Win32
		{EA43A8B9-2BF8-4C66-9421-B3FEB7A67B2E}.Release|x64.ActiveCfg = Release|x64
		{EA43A8B9-2BF8-4C66-9421-B3FEB7A67B2E}.Release|x64.Build.0 = Release|x64
		{EA43A8B9-2BF8-4C66-9421-B3FEB7A67B2E}.Release|x86.ActiveCfg = Release|Win32
		{EA43A8B9-2BF8-4C66-9421-B3FEB7A67B2E}.Release|x86.Build.0 = Release|Win32
		{7483A571-22B2-4F31-9DA8-93792FDD11CC}.Debug|x64.ActiveCfg = Debug|x64
		{7483A571-22B2-4F31-9DA8-93792FDD11CC}.Debug|x64.Build.0 = Debug|x64
		{7483A571-22B2-4F31-9DA8-93792FDD11CC}.Debug|x86.ActiveCfg = Debug|Win32
		{7483A571-22B2-4F31-9DA8-93792FDD11CC}.Debug|x86.Build.0 = Debug|Win32
		{7483A571-22B2-4F31-9DA8-93792FDD11CC}.Release|x64.ActiveCfg = Release|x64
		{7483A571-22B2-4F31-9DA8-93792FDD11CC}.Release|x64.Build.0 = Release|x64
		{7483A571-22B2-4F31-9DA8-93792FDD11CC}.Release|x86.ActiveCfg = Release|Win32
		{7483A571-22B2-4F31-9DA8-93792FDD11CC}.Release|x86.Build.0 = Release|Win32
		{F89B9CAF-AAFE-4927-8871-03614B1F5E52}.Debug|x64.ActiveCfg = Debug|x64
		{F89B9CAF-AAFE-4927-8871-03614B1F5E52}.Debug|x64.Build.0 = Debug|x64
		{F89B9CAF-AAFE-4927-8871-03614B1F5E52}.Debug|x86.ActiveCfg = Debug|Win32
		{F89B9CAF-AAFE-4927-8871-03614B1F5E52}.Debug|x86.Build.0 = Debug|Win32
		{F89B9CAF-AAFE-4927-8871-03614B1F5E52}.Release|x64.ActiveCfg = Release|x64
		{F89B9CAF-AAFE-4927-8871-03614B1F5E52}.Release|x64.Build.0 = Release|x64
		{F89B9CAF-AAFE-4927-8871-03614B1F5E52}.Release|x86.ActiveCfg = Release|Win32
		{F89B9CAF-AAFE-4927-8871-03614B1F5E52}.Release|x86.Build.0 = Release|Win32
		{64D5420E-E092-49C0-A68B-6023923BF8CF}.Debug|x64.ActiveCfg = Debug|x64
		{64D5420E-E092-49C0-A68B-6023923BF8CF}.Debug|x64.Build.0 = Debug|x64
		{64D5420E-E092-49C0-A68B-6023923BF8CF}.Debug|x86.ActiveCfg = Debug|Win32
		{64D5420E-E092-49C0-A68B-6023923BF8CF}.Debug|x86.Build.0 = Debug|Win32
		{64D5420E-E092-49C0-A68B-6023923BF8CF}.Release|x64.ActiveCfg = Release|x64
		{64D5420E-E092-49C0-A68B-6023923BF8CF}.Release|x64.Build.0 = Release|x64
		{64D5420E-E092-49C0-A68B-6023923BF8CF}.Release|x86.ActiveCfg = Release|Win32
		{64D5420E-E092-49C0-A68B-6023923BF8CF}.Release|x86.Build.0 = Release|Win32
		{B6430920-765B-4D43-A1E3-55488971535F}.Debug|x64.ActiveCfg = Debug|x64
		{B6430920-765B-4D43-A1E3-55488971535F}.Debug|x64.Build.0 = Debug|x64
		{B6430920-765B-4D43-A1E3-55488971535F}.Debug|x86.ActiveCfg = Debug|Win32
		{B6430920-765B-4D43-A1E3-55488971535F}.Debug|x86.Build.0 = Debug|Win32
		{B6430920-765B-4D43-A1E3-55488971535F}.Release|x64.ActiveCfg = Release|x64
		{B6430920-765B-4D43-A1E3-55488971535F}.Release|x64.Build.0 = Release|x64
		{B6430920-765B-4D43-A1E3-55488971535F}.Release|x86.ActiveCfg = Release|Win32
		{B6430920-765B-4D43-A1E3-55488971535F}.Release|x86.Build.0 = Release|Win32
		{6D0F3920-8D84-4040-8588-80C44147A154}.Debug|x64.ActiveCfg = Debug|x64
		{6D0F3920-8D84-4040-8588-80C44147A154}.Debug|x64.Build.0 = Debug|x64
		{6D0F3920-8D84-4040-8588-80C44147A154}.Debug|x86.ActiveCfg = Debug|Win32
		{6D0F3920-8D84-4040-8588-80C44147A154}.Debug|x86.Build.0 = Debug|Win32
		{6D0F3920-8D84-4040-8588-80C44147A154}.Release|x64.ActiveCfg = Release|x64
		{6D0F3920-8D84-4040-8588-80C44147A154}.Release|x64.Build.0 = Release|x64
		{6D0F3920-8D84-4040-8588-80C44147A154}.Release|x86.ActiveCfg = Release|Win32
		{6D0F3920-8D84-4040-8588-80C44147A154}.Release|x86.Build.0 = Release|Win32
		{CEBE7E25-82C6-403A-9050-6FB149083525}.Debug|x64.ActiveCfg = Debug|x64
		{CEBE7E25-82C6-403A-9050-6FB149083525}.Debug|x64.Build.0 = Debug|x64
		{CEBE7E25-82C6-403A-9050-6FB149083525}.Debug|x86.ActiveCfg = Debug|Win32
		{CEBE7E25-82C6-403A-9050-6FB149083525}.Debug|x86.Build.0 = Debug|Win32
		{CEBE7E25-82C6-403A-9050-6FB149083525}.Release|x64.ActiveCfg = Release|x64
		{CEBE7E25-82C6-403A-9050-6FB149083525}.Release|x64.Build.0 = Release|x64
		{CEBE7E25-82C6-403A-9050-6FB149083525}.Release|x86.ActiveCfg = Release|Win32
		{CEBE7E25-82C6-403A-9050-6FB149083525}.Release|x86.Build.0 = Release|Win32
		{6B0719A4-ACB7-4AB8-B4C6-C5D14871220F}.Debug|x64.ActiveCfg = Debug|x64
		{6B0719A4-ACB7-4AB8-B4C6-C5D14871220F}.Debug|x64.Build.0 = Debug|x64
		{6B0719A4-ACB7-4AB8-B4C6-C5D14871220F}.Debug|x86.ActiveCfg = Debug|Win32
		{6B0719A4-ACB7-4AB8-B4C6-C5D14871220F}.Debug|x86.Build.0 = Debug|Win32
		{6B0719A4-ACB7-4AB8-B4C6-C5D14871220F}.Release|x64.ActiveCfg = Release|x64
		{6B0719A4-ACB7-4AB8-B4C6-C5D14871220F}.Release|x64.Build.0 = Release|x64
		{6B0719A4-ACB7-4AB8-B4C6-C5D14871220F}.Release|x86.ActiveCfg = Release|Win32
		{6B0719A4-ACB7-4AB8-B4C6-C5D14871220F}.Release|x86.Build.0 = Release|Win32
	EndGlobalSection
	GlobalSection(SolutionProperties) = preSolution
		HideSolutionNode = FALSE
	EndGlobalSection
	GlobalSection(ExtensibilityGlobals) = postSolution
		SolutionGuid = {F1806116-5F15-42E3-B18D-4F71E006CD5F}
	EndGlobalSection
EndGlobal
